2026-03-21T20:30:00Z master bootstrap-project
2026-03-21T21:00:00Z master scaffold-complete DONE
2026-03-21T22:00:00Z master milestone2-fight-screen DONE
2026-03-22T00:00:00Z main gameplay-improvements DONE
2026-03-22T01:00:00Z main ui-improvements DONE
2026-03-22T02:00:00Z main particle-effects DONE
2026-03-22T03:00:00Z main pause-menu DONE
2026-03-22T04:00:00Z main char-select-improvements DONE
2026-03-22T05:00:00Z main hp-bar-visuals DONE
2026-03-22T06:00:00Z main passive-abilities DONE
2026-03-22T07:00:00Z main audio-improvements DONE
2026-03-22T08:00:00Z main start-screen-characters DONE
2026-03-22T09:00:00Z main char-select-glow-indicators DONE
2026-03-22T10:00:00Z main rematch-option DONE
2026-03-22T11:00:00Z main fix-green-fringe DONE
